# This file is automatically @generated by Cargo.
# It is not intended for manual editing.
version = 4

[[package]]
name = "bitflags"
version = "2.13.0"
source = "registry+https://github.com/rust-lang/crates.io-index"
checksum = "b4388bee8683e3d04af747c73422af53102d2bd24d9eadb6cbc100baef4b43f8"

[[package]]
name = "http-plugin"
version = "0.1.0"
dependencies = [
 "wit-bindgen-rt",
]

[[package]]
name = "wit-bindgen-rt"
version = "0.36.0"
source = "registry+https://github.com/rust-lang/crates.io-index"
checksum = "7947d0131c7c9da3f01dfde0ab8bd4c4cf3c5bd49b6dba0ae640f1fa752572ea"
dependencies = [
 "bitflags",
]
